// !$*UTF8*$!
{
	archiveVersion = 1;
	classes = {
	};
	objectVersion = 55;
	objects = {

/* Begin PBXBuildFile section */
		1A57CBC1283742C500ED4CAF /* WebSocketTestApp.swift in Sources */ = {isa = PBXBuildFile; fileRef = 1A57CBC0283742C500ED4CAF /* WebSocketTestApp.swift */; };
		1A57CBC3283742C500ED4CAF /* ContentView.swift in Sources */ = {isa = PBXBuildFile; fileRef = 1A57CBC2283742C500ED4CAF /* ContentView.swift */; };
		1A57CBC5283742C600ED4CAF /* Assets.xcassets in Resources */ = {isa = PBXBuildFile; fileRef = 1A57CBC4283742C600ED4CAF /* Assets.xcassets */; };
		1A57CBC8283742C600ED4CAF /* Preview Assets.xcassets in Resources */ = {isa = PBXBuildFile; fileRef = 1A57CBC7283742C600ED4CAF /* Preview Assets.xcassets */; };
		1A57CBD228377FE800ED4CAF /* URLSessionWebSocket.swift in Sources */ = {isa = PBXBuildFile; fileRef = 1A57CBD128377FE800ED4CAF /* URLSessionWebSocket.swift */; };
		1A57CBD328378A0F00ED4CAF /* Pods_WebSocketTest.framework in Frameworks */ = {isa = PBXBuildFile; fileRef = 10FEA12E6CB0C21C782E3ADA /* Pods_WebSocketTest.framework */; };
		1A57CBD428378A0F00ED4CAF /* Pods_WebSocketTest.framework in Embed Frameworks */ = {isa = PBXBuildFile; fileRef = 10FEA12E6CB0C21C782E3ADA /* Pods_WebSocketTest.framework */; settings = {ATTRIBUTES = (CodeSignOnCopy, RemoveHeadersOnCopy, ); }; };
		1AD38D9C283B69F400CC9E0E /* ChildViews.swift in Sources */ = {isa = PBXBuildFile; fileRef = 1AD38D9B283B69F400CC9E0E /* ChildViews.swift */; };
		36E5FD55283B7F78009822F7 /* MessageModel.swift in Sources */ = {isa = PBXBuildFile; fileRef = 36E5FD54283B7F78009822F7 /* MessageModel.swift */; };
/* End PBXBuildFile section */

/* Begin PBXCopyFilesBuildPhase section */
		1A57CBD528378A0F00ED4CAF /* Embed Frameworks */ = {
			isa = PBXCopyFilesBuildPhase;
			buildActionMask = 2147483647;
			dstPath = "";
			dstSubfolderSpec = 10;
			files = (
				1A57CBD428378A0F00ED4CAF /* Pods_WebSocketTest.framework in Embed Frameworks */,
			);
			name = "Embed Frameworks";
			runOnlyForDeploymentPostprocessing = 0;
		};
/* End PBXCopyFilesBuildPhase section */

/* Begin PBXFileReference section */
		10FEA12E6CB0C21C782E3ADA /* Pods_WebSocketTest.framework */ = {isa = PBXFileReference; explicitFileType = wrapper.framework; includeInIndex = 0; path = Pods_WebSocketTest.framework; sourceTree = BUILT_PRODUCTS_DIR; };
		1A57CBBD283742C500ED4CAF /* WebSocketTest.app */ = {isa = PBXFileReference; explicitFileType = wrapper.application; includeInIndex = 0; path = WebSocketTest.app; sourceTree = BUILT_PRODUCTS_DIR; };
		1A57CBC0283742C500ED4CAF /* WebSocketTestApp.swift */ = {isa = PBXFileReference; lastKnownFileType = sourcecode.swift; path = WebSocketTestApp.swift; sourceTree = "<group>"; };
		1A57CBC2283742C500ED4CAF /* ContentView.swift */ = {isa = PBXFileReference; lastKnownFileType = sourcecode.swift; path = ContentView.swift; sourceTree = "<group>"; };
		1A57CBC4283742C600ED4CAF /* Assets.xcassets */ = {isa = PBXFileReference; lastKnownFileType = folder.assetcatalog; path = Assets.xcassets; sourceTree = "<group>"; };
		1A57CBC7283742C600ED4CAF /* Preview Assets.xcassets */ = {isa = PBXFileReference; lastKnownFileType = folder.assetcatalog; path = "Preview Assets.xcassets"; sourceTree = "<group>"; };
		1A57CBD128377FE800ED4CAF /* URLSessionWebSocket.swift */ = {isa = PBXFileReference; lastKnownFileType = sourcecode.swift; path = URLSessionWebSocket.swift; sourceTree = "<group>"; };
		1A57CBD62837931400ED4CAF /* Info.plist */ = {isa = PBXFileReference; lastKnownFileType = text.plist; path = Info.plist; sourceTree = "<group>"; };
		1AD38D9B283B69F400CC9E0E /* ChildViews.swift */ = {isa = PBXFileReference; lastKnownFileType = sourcecode.swift; path = ChildViews.swift; sourceTree = "<group>"; };
		36E5FD54283B7F78009822F7 /* MessageModel.swift */ = {isa = PBXFileReference; lastKnownFileType = sourcecode.swift; path = MessageModel.swift; sourceTree = "<group>"; };
		5A8EFFD62C2DFF8F6AC72F00 /* Pods-WebSocketTest.release.xcconfig */ = {isa = PBXFileReference; includeInIndex = 1; lastKnownFileType = text.xcconfig; name = "Pods-WebSocketTest.release.xcconfig"; path = "Target Support Files/Pods-WebSocketTest/Pods-WebSocketTest.release.xcconfig"; sourceTree = "<group>"; };
		D233573B5EFE42C4BAC0D553 /* Pods-WebSocketTest.debug.xcconfig */ = {isa = PBXFileReference; includeInIndex = 1; lastKnownFileType = text.xcconfig; name = "Pods-WebSocketTest.debug.xcconfig"; path = "Target Support Files/Pods-WebSocketTest/Pods-WebSocketTest.debug.xcconfig"; sourceTree = "<group>"; };
/* End PBXFileReference section */

/* Begin PBXFrameworksBuildPhase section */
		1A57CBBA283742C500ED4CAF /* Frameworks */ = {
			isa = PBXFrameworksBuildPhase;
			buildActionMask = 2147483647;
			files = (
				1A57CBD328378A0F00ED4CAF /* Pods_WebSocketTest.framework in Frameworks */,
			);
			runOnlyForDeploymentPostprocessing = 0;
		};
/* End PBXFrameworksBuildPhase section */

/* Begin PBXGroup section */
		1A57CBB4283742C500ED4CAF = {
			isa = PBXGroup;
			children = (
				1A57CBBF283742C500ED4CAF /* WebSocketTest */,
				1A57CBBE283742C500ED4CAF /* Products */,
				9CEF73BE7ACCC13B3C917C14 /* Pods */,
				5D08D30AB8C2E7559E048DEB /* Frameworks */,
			);
			sourceTree = "<group>";
		};
		1A57CBBE283742C500ED4CAF /* Products */ = {
			isa = PBXGroup;
			children = (
				1A57CBBD283742C500ED4CAF /* WebSocketTest.app */,
			);
			name = Products;
			sourceTree = "<group>";
		};
		1A57CBBF283742C500ED4CAF /* WebSocketTest */ = {
			isa = PBXGroup;
			children = (
				36E5FD53283B7F62009822F7 /* Models */,
				1A57CBD62837931400ED4CAF /* Info.plist */,
				1A57CBC0283742C500ED4CAF /* WebSocketTestApp.swift */,
				1A57CBC2283742C500ED4CAF /* ContentView.swift */,
				1A57CBD128377FE800ED4CAF /* URLSessionWebSocket.swift */,
				1A57CBC4283742C600ED4CAF /* Assets.xcassets */,
				1A57CBC6283742C600ED4CAF /* Preview Content */,
				1AD38D9B283B69F400CC9E0E /* ChildViews.swift */,
			);
			path = WebSocketTest;
			sourceTree = "<group>";
		};
		1A57CBC6283742C600ED4CAF /* Preview Content */ = {
			isa = PBXGroup;
			children = (
				1A57CBC7283742C600ED4CAF /* Preview Assets.xcassets */,
			);
			path = "Preview Content";
			sourceTree = "<group>";
		};
		36E5FD53283B7F62009822F7 /* Models */ = {
			isa = PBXGroup;
			children = (
				36E5FD54283B7F78009822F7 /* MessageModel.swift */,
			);
			path = Models;
			sourceTree = "<group>";
		};
		5D08D30AB8C2E7559E048DEB /* Frameworks */ = {
			isa = PBXGroup;
			children = (
				10FEA12E6CB0C21C782E3ADA /* Pods_WebSocketTest.framework */,
			);
			name = Frameworks;
			sourceTree = "<group>";
		};
		9CEF73BE7ACCC13B3C917C14 /* Pods */ = {
			isa = PBXGroup;
			children = (
				D233573B5EFE42C4BAC0D553 /* Pods-WebSocketTest.debug.xcconfig */,
				5A8EFFD62C2DFF8F6AC72F00 /* Pods-WebSocketTest.release.xcconfig */,
			);
			path = Pods;
			sourceTree = "<group>";
		};
/* End PBXGroup section */

/* Begin PBXNativeTarget section */
		1A57CBBC283742C500ED4CAF /* WebSocketTest */ = {
			isa = PBXNativeTarget;
			buildConfigurationList = 1A57CBCB283742C600ED4CAF /* Build configuration list for PBXNativeTarget "WebSocketTest" */;
			buildPhases = (
				2854C369900790C4AE218E84 /* [CP] Check Pods Manifest.lock */,
				1A57CBB9283742C500ED4CAF /* Sources */,
				1A57CBBA283742C500ED4CAF /* Frameworks */,
				1A57CBBB283742C500ED4CAF /* Resources */,
				9F785F0D4C7464C95FA5614F /* [CP] Embed Pods Frameworks */,
				1A57CBD528378A0F00ED4CAF /* Embed Frameworks */,
			);
			buildRules = (
			);
			dependencies = (
			);
			name = WebSocketTest;
			productName = WebSocketTest;
			productReference = 1A57CBBD283742C500ED4CAF /* WebSocketTest.app */;
			productType = "com.apple.product-type.application";
		};
/* End PBXNativeTarget section */

/* Begin PBXProject section */
		1A57CBB5283742C500ED4CAF /* Project object */ = {
			isa = PBXProject;
			attributes = {
				BuildIndependentTargetsInParallel = 1;
				LastSwiftUpdateCheck = 1340;
				LastUpgradeCheck = 1340;
				TargetAttributes = {
					1A57CBBC283742C500ED4CAF = {
						CreatedOnToolsVersion = 13.4;
					};
				};
			};
			buildConfigurationList = 1A57CBB8283742C500ED4CAF /* Build configuration list for PBXProject "WebSocketTest" */;
			compatibilityVersion = "Xcode 13.0";
			developmentRegion = en;
			hasScannedForEncodings = 0;
			knownRegions = (
				en,
				Base,
			);
			mainGroup = 1A57CBB4283742C500ED4CAF;
			productRefGroup = 1A57CBBE283742C500ED4CAF /* Products */;
			projectDirPath = "";
			projectRoot = "";
			targets = (
				1A57CBBC283742C500ED4CAF /* WebSocketTest */,
			);
		};
/* End PBXProject section */

/* Begin PBXResourcesBuildPhase section */
		1A57CBBB283742C500ED4CAF /* Resources */ = {
			isa = PBXResourcesBuildPhase;
			buildActionMask = 2147483647;
			files = (
				1A57CBC8283742C600ED4CAF /* Preview Assets.xcassets in Resources */,
				1A57CBC5283742C600ED4CAF /* Assets.xcassets in Resources */,
			);
			runOnlyForDeploymentPostprocessing = 0;
		};
/* End PBXResourcesBuildPhase section */

/* Begin PBXShellScriptBuildPhase section */
		2854C369900790C4AE218E84 /* [CP] Check Pods Manifest.lock */ = {
			isa = PBXShellScriptBuildPhase;
			buildActionMask = 2147483647;
			files = (
			);
			inputFileListPaths = (
			);
			inputPaths = (
				"${PODS_PODFILE_DIR_PATH}/Podfile.lock",
				"${PODS_ROOT}/Manifest.lock",
			);
			name = "[CP] Check Pods Manifest.lock";
			outputFileListPaths = (
			);
			outputPaths = (
				"$(DERIVED_FILE_DIR)/Pods-WebSocketTest-checkManifestLockResult.txt",
			);
			runOnlyForDeploymentPostprocessing = 0;
			shellPath = /bin/sh;
			shellScript = "diff \"${PODS_PODFILE_DIR_PATH}/Podfile.lock\" \"${PODS_ROOT}/Manifest.lock\" > /dev/null\nif [ $? != 0 ] ; then\n    # print error to STDERR\n    echo \"error: The sandbox is not in sync with the Podfile.lock. Run 'pod install' or update your CocoaPods installation.\" >&2\n    exit 1\nfi\n# This output is used by Xcode 'outputs' to avoid re-running this script phase.\necho \"SUCCESS\" > \"${SCRIPT_OUTPUT_FILE_0}\"\n";
			showEnvVarsInLog = 0;
		};
		9F785F0D4C7464C95FA5614F /* [CP] Embed Pods Frameworks */ = {
			isa = PBXShellScriptBuildPhase;
			buildActionMask = 2147483647;
			files = (
			);
			inputFileListPaths = (
				"${PODS_ROOT}/Target Support Files/Pods-WebSocketTest/Pods-WebSocketTest-frameworks-${CONFIGURATION}-input-files.xcfilelist",
			);
			name = "[CP] Embed Pods Frameworks";
			outputFileListPaths = (
				"${PODS_ROOT}/Target Support Files/Pods-WebSocketTest/Pods-WebSocketTest-frameworks-${CONFIGURATION}-output-files.xcfilelist",
			);
			runOnlyForDeploymentPostprocessing = 0;
			shellPath = /bin/sh;
			shellScript = "\"${PODS_ROOT}/Target Support Files/Pods-WebSocketTest/Pods-WebSocketTest-frameworks.sh\"\n";
			showEnvVarsInLog = 0;
		};
/* End PBXShellScriptBuildPhase section */

/* Begin PBXSourcesBuildPhase section */
		1A57CBB9283742C500ED4CAF /* Sources */ = {
			isa = PBXSourcesBuildPhase;
			buildActionMask = 2147483647;
			files = (
				36E5FD55283B7F78009822F7 /* MessageModel.swift in Sources */,
				1A57CBC3283742C500ED4CAF /* ContentView.swift in Sources */,
				1AD38D9C283B69F400CC9E0E /* ChildViews.swift in Sources */,
				1A57CBC1283742C500ED4CAF /* WebSocketTestApp.swift in Sources */,
				1A57CBD228377FE800ED4CAF /* URLSessionWebSocket.swift in Sources */,
			);
			runOnlyForDeploymentPostprocessing = 0;
		};
/* End PBXSourcesBuildPhase section */

/* Begin XCBuildConfiguration section */
		1A57CBC9283742C600ED4CAF /* Debug */ = {
			isa = XCBuildConfiguration;
			buildSettings = {
				ALWAYS_SEARCH_USER_PATHS = NO;
				CLANG_ANALYZER_NONNULL = YES;
				CLANG_ANALYZER_NUMBER_OBJECT_CONVERSION = YES_AGGRESSIVE;
				CLANG_CXX_LANGUAGE_STANDARD = "gnu++17";
				CLANG_ENABLE_MODULES = YES;
				CLANG_ENABLE_OBJC_ARC = YES;
				CLANG_ENABLE_OBJC_WEAK = YES;
				CLANG_WARN_BLOCK_CAPTURE_AUTORELEASING = YES;
				CLANG_WARN_BOOL_CONVERSION = YES;
				CLANG_WARN_COMMA = YES;
				CLANG_WARN_CONSTANT_CONVERSION = YES;
				CLANG_WARN_DEPRECATED_OBJC_IMPLEMENTATIONS = YES;
				CLANG_WARN_DIRECT_OBJC_ISA_USAGE = YES_ERROR;
				CLANG_WARN_DOCUMENTATION_COMMENTS = YES;
				CLANG_WARN_EMPTY_BODY = YES;
				CLANG_WARN_ENUM_CONVERSION = YES;
				CLANG_WARN_INFINITE_RECURSION = YES;
				CLANG_WARN_INT_CONVERSION = YES;
				CLANG_WARN_NON_LITERAL_NULL_CONVERSION = YES;
				CLANG_WARN_OBJC_IMPLICIT_RETAIN_SELF = YES;
				CLANG_WARN_OBJC_LITERAL_CONVERSION = YES;
				CLANG_WARN_OBJC_ROOT_CLASS = YES_ERROR;
				CLANG_WARN_QUOTED_INCLUDE_IN_FRAMEWORK_HEADER = YES;
				CLANG_WARN_RANGE_LOOP_ANALYSIS = YES;
				CLANG_WARN_STRICT_PROTOTYPES = YES;
				CLANG_WARN_SUSPICIOUS_MOVE = YES;
				CLANG_WARN_UNGUARDED_AVAILABILITY = YES_AGGRESSIVE;
				CLANG_WARN_UNREACHABLE_CODE = YES;
				CLANG_WARN__DUPLICATE_METHOD_MATCH = YES;
				COPY_PHASE_STRIP = NO;
				DEBUG_INFORMATION_FORMAT = dwarf;
				ENABLE_STRICT_OBJC_MSGSEND = YES;
				ENABLE_TESTABILITY = YES;
				GCC_C_LANGUAGE_STANDARD = gnu11;
				GCC_DYNAMIC_NO_PIC = NO;
				GCC_NO_COMMON_BLOCKS = YES;
				GCC_OPTIMIZATION_LEVEL = 0;
				GCC_PREPROCESSOR_DEFINITIONS = (
					"DEBUG=1",
					"$(inherited)",
				);
				GCC_WARN_64_TO_32_BIT_CONVERSION = YES;
				GCC_WARN_ABOUT_RETURN_TYPE = YES_ERROR;
				GCC_WARN_UNDECLARED_SELECTOR = YES;
				GCC_WARN_UNINITIALIZED_AUTOS = YES_AGGRESSIVE;
				GCC_WARN_UNUSED_FUNCTION = YES;
				GCC_WARN_UNUSED_VARIABLE = YES;
				IPHONEOS_DEPLOYMENT_TARGET = 15.0;
				MTL_ENABLE_DEBUG_INFO = INCLUDE_SOURCE;
				MTL_FAST_MATH = YES;
				ONLY_ACTIVE_ARCH = YES;
				SDKROOT = iphoneos;
				SWIFT_ACTIVE_COMPILATION_CONDITIONS = DEBUG;
				SWIFT_OPTIMIZATION_LEVEL = "-Onone";
			};
			name = Debug;
		};
		1A57CBCA283742C600ED4CAF /* Release */ = {
			isa = XCBuildConfiguration;
			buildSettings = {
				ALWAYS_SEARCH_USER_PATHS = NO;
				CLANG_ANALYZER_NONNULL = YES;
				CLANG_ANALYZER_NUMBER_OBJECT_CONVERSION = YES_AGGRESSIVE;
				CLANG_CXX_LANGUAGE_STANDARD = "gnu++17";
				CLANG_ENABLE_MODULES = YES;
				CLANG_ENABLE_OBJC_ARC = YES;
				CLANG_ENABLE_OBJC_WEAK = YES;
				CLANG_WARN_BLOCK_CAPTURE_AUTORELEASING = YES;
				CLANG_WARN_BOOL_CONVERSION = YES;
				CLANG_WARN_COMMA = YES;
				CLANG_WARN_CONSTANT_CONVERSION = YES;
				CLANG_WARN_DEPRECATED_OBJC_IMPLEMENTATIONS = YES;
				CLANG_WARN_DIRECT_OBJC_ISA_USAGE = YES_ERROR;
				CLANG_WARN_DOCUMENTATION_COMMENTS = YES;
				CLANG_WARN_EMPTY_BODY = YES;
				CLANG_WARN_ENUM_CONVERSION = YES;
				CLANG_WARN_INFINITE_RECURSION = YES;
				CLANG_WARN_INT_CONVERSION = YES;
				CLANG_WARN_NON_LITERAL_NULL_CONVERSION = YES;
				CLANG_WARN_OBJC_IMPLICIT_RETAIN_SELF = YES;
				CLANG_WARN_OBJC_LITERAL_CONVERSION = YES;
				CLANG_WARN_OBJC_ROOT_CLASS = YES_ERROR;
				CLANG_WARN_QUOTED_INCLUDE_IN_FRAMEWORK_HEADER = YES;
				CLANG_WARN_RANGE_LOOP_ANALYSIS = YES;
				CLANG_WARN_STRICT_PROTOTYPES = YES;
				CLANG_WARN_SUSPICIOUS_MOVE = YES;
				CLANG_WARN_UNGUARDED_AVAILABILITY = YES_AGGRESSIVE;
				CLANG_WARN_UNREACHABLE_CODE = YES;
				CLANG_WARN__DUPLICATE_METHOD_MATCH = YES;
				COPY_PHASE_STRIP = NO;
				DEBUG_INFORMATION_FORMAT = "dwarf-with-dsym";
				ENABLE_NS_ASSERTIONS = NO;
				ENABLE_STRICT_OBJC_MSGSEND = YES;
				GCC_C_LANGUAGE_STANDARD = gnu11;
				GCC_NO_COMMON_BLOCKS = YES;
				GCC_WARN_64_TO_32_BIT_CONVERSION = YES;
				GCC_WARN_ABOUT_RETURN_TYPE = YES_ERROR;
				GCC_WARN_UNDECLARED_SELECTOR = YES;
				GCC_WARN_UNINITIALIZED_AUTOS = YES_AGGRESSIVE;
				GCC_WARN_UNUSED_FUNCTION = YES;
				GCC_WARN_UNUSED_VARIABLE = YES;
				IPHONEOS_DEPLOYMENT_TARGET = 15.0;
				MTL_ENABLE_DEBUG_INFO = NO;
				MTL_FAST_MATH = YES;
				SDKROOT = iphoneos;
				SWIFT_COMPILATION_MODE = wholemodule;
				SWIFT_OPTIMIZATION_LEVEL = "-O";
				VALIDATE_PRODUCT = YES;
			};
			name = Release;
		};
		1A57CBCC283742C600ED4CAF /* Debug */ = {
			isa = XCBuildConfiguration;
			baseConfigurationReference = D233573B5EFE42C4BAC0D553 /* Pods-WebSocketTest.debug.xcconfig */;
			buildSettings = {
				ASSETCATALOG_COMPILER_APPICON_NAME = AppIcon;
				ASSETCATALOG_COMPILER_GLOBAL_ACCENT_COLOR_NAME = AccentColor;
				CODE_SIGN_STYLE = Automatic;
				CURRENT_PROJECT_VERSION = 1;
				DEVELOPMENT_ASSET_PATHS = "\"WebSocketTest/Preview Content\"";
				DEVELOPMENT_TEAM = NZT54R9366;
				ENABLE_PREVIEWS = YES;
				GENERATE_INFOPLIST_FILE = YES;
				INFOPLIST_FILE = WebSocketTest/Info.plist;
				INFOPLIST_KEY_UIApplicationSceneManifest_Generation = YES;
				INFOPLIST_KEY_UIApplicationSupportsIndirectInputEvents = YES;
				INFOPLIST_KEY_UILaunchScreen_Generation = YES;
				INFOPLIST_KEY_UISupportedInterfaceOrientations_iPad = "UIInterfaceOrientationPortrait UIInterfaceOrientationPortraitUpsideDown UIInterfaceOrientationLandscapeLeft UIInterfaceOrientationLandscapeRight";
				INFOPLIST_KEY_UISupportedInterfaceOrientations_iPhone = "UIInterfaceOrientationPortrait UIInterfaceOrientationLandscapeLeft UIInterfaceOrientationLandscapeRight";
				IPHONEOS_DEPLOYMENT_TARGET = 15.0;
				LD_RUNPATH_SEARCH_PATHS = (
					"$(inherited)",
					"@executable_path/Frameworks",
				);
				MARKETING_VERSION = 1.0;
				PRODUCT_BUNDLE_IDENTIFIER = "Kuan-WebSocketTest.WebSocketTest";
				PRODUCT_NAME = "$(TARGET_NAME)";
				SWIFT_EMIT_LOC_STRINGS = YES;
				SWIFT_VERSION = 5.0;
				TARGETED_DEVICE_FAMILY = 1;
			};
			name = Debug;
		};
		1A57CBCD283742C600ED4CAF /* Release */ = {
			isa = XCBuildConfiguration;
			baseConfigurationReference = 5A8EFFD62C2DFF8F6AC72F00 /* Pods-WebSocketTest.release.xcconfig */;
			buildSettings = {
				ASSETCATALOG_COMPILER_APPICON_NAME = AppIcon;
				ASSETCATALOG_COMPILER_GLOBAL_ACCENT_COLOR_NAME = AccentColor;
				CODE_SIGN_STYLE = Automatic;
				CURRENT_PROJECT_VERSION = 1;
				DEVELOPMENT_ASSET_PATHS = "\"WebSocketTest/Preview Content\"";
				DEVELOPMENT_TEAM = NZT54R9366;
				ENABLE_PREVIEWS = YES;
				GENERATE_INFOPLIST_FILE = YES;
				INFOPLIST_FILE = WebSocketTest/Info.plist;
				INFOPLIST_KEY_UIApplicationSceneManifest_Generation = YES;
				INFOPLIST_KEY_UIApplicationSupportsIndirectInputEvents = YES;
				INFOPLIST_KEY_UILaunchScreen_Generation = YES;
				INFOPLIST_KEY_UISupportedInterfaceOrientations_iPad = "UIInterfaceOrientationPortrait UIInterfaceOrientationPortraitUpsideDown UIInterfaceOrientationLandscapeLeft UIInterfaceOrientationLandscapeRight";
				INFOPLIST_KEY_UISupportedInterfaceOrientations_iPhone = "UIInterfaceOrientationPortrait UIInterfaceOrientationLandscapeLeft UIInterfaceOrientationLandscapeRight";
				IPHONEOS_DEPLOYMENT_TARGET = 15.0;
				LD_RUNPATH_SEARCH_PATHS = (
					"$(inherited)",
					"@executable_path/Frameworks",
				);
				MARKETING_VERSION = 1.0;
				PRODUCT_BUNDLE_IDENTIFIER = "Kuan-WebSocketTest.WebSocketTest";
				PRODUCT_NAME = "$(TARGET_NAME)";
				SWIFT_EMIT_LOC_STRINGS = YES;
				SWIFT_VERSION = 5.0;
				TARGETED_DEVICE_FAMILY = 1;
			};
			name = Release;
		};
/* End XCBuildConfiguration section */

/* Begin XCConfigurationList section */
		1A57CBB8283742C500ED4CAF /* Build configuration list for PBXProject "WebSocketTest" */ = {
			isa = XCConfigurationList;
			buildConfigurations = (
				1A57CBC9283742C600ED4CAF /* Debug */,
				1A57CBCA283742C600ED4CAF /* Release */,
			);
			defaultConfigurationIsVisible = 0;
			defaultConfigurationName = Release;
		};
		1A57CBCB283742C600ED4CAF /* Build configuration list for PBXNativeTarget "WebSocketTest" */ = {
			isa = XCConfigurationList;
			buildConfigurations = (
				1A57CBCC283742C600ED4CAF /* Debug */,
				1A57CBCD283742C600ED4CAF /* Release */,
			);
			defaultConfigurationIsVisible = 0;
			defaultConfigurationName = Release;
		};
/* End XCConfigurationList section */
	};
	rootObject = 1A57CBB5283742C500ED4CAF /* Project object */;
}
